
Microsoft Visual Studio Solution File, Format Version 12.00
# Visual Studio Version 17
VisualStudioVersion = 17.14.36811.4
MinimumVisualStudioVersion = 10.0.40219.1
Project("{FAE04EC0-301F-11D3-BF4B-00C04F79EFBC}") = "ChinChessServer", "ChinChessServer\ChinChessServer.csproj", "{674ABCBB-1E57-2CAB-C930-881F45B68985}"
EndProject
Project("{FAE04EC0-301F-11D3-BF4B-00C04F79EFBC}") = "ChinChessClient", "ChinChessClient\ChinChessClient.csproj", "{90C3789E-FE56-FDCD-FA2F-D457C783E8D2}"
EndProject
Project("{FAE04EC0-301F-11D3-BF4B-00C04F79EFBC}") = "ChinChessCore", "ChinChessCore\ChinChessCore.csproj", "{BC15286D-BAD3-4455-A3B9-178C4BA5F57A}"
EndProject
Global
	GlobalSection(SolutionConfigurationPlatforms) = preSolution
		Debug|Any CPU = Debug|Any CPU
		Release|Any CPU = Release|Any CPU
	EndGlobalSection
	GlobalSection(ProjectConfigurationPlatforms) = postSolution
		{674ABCBB-1E57-2CAB-C930-881F45B68985}.Debug|Any CPU.ActiveCfg = Debug|Any CPU
		{674ABCBB-1E57-2CAB-C930-881F45B68985}.Debug|Any CPU.Build.0 = Debug|Any CPU
		{674ABCBB-1E57-2CAB-C930-881F45B68985}.Release|Any CPU.ActiveCfg = Release|Any CPU
		{674ABCBB-1E57-2CAB-C930-881F45B68985}.Release|Any CPU.Build.0 = Release|Any CPU
		{90C3789E-FE56-FDCD-FA2F-D457C783E8D2}.Debug|Any CPU.ActiveCfg = Debug|Any CPU
		{90C3789E-FE56-FDCD-FA2F-D457C783E8D2}.Debug|Any CPU.Build.0 = Debug|Any CPU
		{90C3789E-FE56-FDCD-FA2F-D457C783E8D2}.Release|Any CPU.ActiveCfg = Release|Any CPU
		{90C3789E-FE56-FDCD-FA2F-D457C783E8D2}.Release|Any CPU.Build.0 = Release|Any CPU
		{BC15286D-BAD3-4455-A3B9-178C4BA5F57A}.Debug|Any CPU.ActiveCfg = Debug|Any CPU
		{BC15286D-BAD3-4455-A3B9-178C4BA5F57A}.Debug|Any CPU.Build.0 = Debug|Any CPU
		{BC15286D-BAD3-4455-A3B9-178C4BA5F57A}.Release|Any CPU.ActiveCfg = Release|Any CPU
		{BC15286D-BAD3-4455-A3B9-178C4BA5F57A}.Release|Any CPU.Build.0 = Release|Any CPU
	EndGlobalSection
	GlobalSection(SolutionProperties) = preSolution
		HideSolutionNode = FALSE
	EndGlobalSection
	GlobalSection(ExtensibilityGlobals) = postSolution
		SolutionGuid = {F0C1C28F-71BD-4F5C-B3C9-011D34850A5C}
	EndGlobalSection
EndGlobal
